
Microsoft Visual Studio Solution File, Format Version 12.00
# Visual Studio Version 16
VisualStudioVersion = 16.0.29728.190
MinimumVisualStudioVersion = 10.0.40219.1
Project("{FAE04EC0-301F-11D3-BF4B-00C04F79EFBC}") = "LIMS.DC.DAHelper", "LIMS.DC.DAHelper\LIMS.DC.DAHelper.csproj", "{74CD5B3C-1DEF-4894-AE0B-B5B40E5A3366}"
EndProject
Project("{FAE04EC0-301F-11D3-BF4B-00C04F79EFBC}") = "LIMS.DC.Model", "LIMS.DC.Model\LIMS.DC.Model.csproj", "{1EB3CEAB-C59C-47DC-82EA-9AE117AAD06E}"
EndProject
Project("{FAE04EC0-301F-11D3-BF4B-00C04F79EFBC}") = "LIMS.DC.DAL", "LIMS.DC.DAL\LIMS.DC.DAL.csproj", "{68250111-9882-4142-83C3-97292EEE435C}"
EndProject
Project("{FAE04EC0-301F-11D3-BF4B-00C04F79EFBC}") = "LIMS.DC.Common", "LIMS.DC.Common\LIMS.DC.Common.csproj", "{0D20F319-EC3B-45F4-84FF-83E56231591D}"
EndProject
Project("{2150E333-8FDC-42A3-9474-1A3956D46DE8}") = "服务", "服务", "{32BD4EB7-9225-4129-9996-E1905CE4580F}"
EndProject
Project("{2150E333-8FDC-42A3-9474-1A3956D46DE8}") = "客户端", "客户端", "{14BB4514-6AD2-4482-BD16-098C169CA36A}"
EndProject
Project("{FAE04EC0-301F-11D3-BF4B-00C04F79EFBC}") = "LIMS.DC.Service", "LIMS.DC.Service\LIMS.DC.Service.csproj", "{68C489CD-5FBB-4F64-BB3A-EC6C0882C37E}"
EndProject
Project("{FAE04EC0-301F-11D3-BF4B-00C04F79EFBC}") = "LIMS.DC.Client", "LIMS.DC.Client\LIMS.DC.Client.csproj", "{4E9DF7F8-B0E0-406B-8FB6-F8C480550089}"
EndProject
Project("{FAE04EC0-301F-11D3-BF4B-00C04F79EFBC}") = "TEST", "TEST\TEST.csproj", "{CFCB4402-64C6-4C9D-AC22-7B5D4B4DB567}"
EndProject
Project("{FAE04EC0-301F-11D3-BF4B-00C04F79EFBC}") = "LIMS.DC.WS", "LIMS.DC.WS\LIMS.DC.WS.csproj", "{28432CD0-5B41-45A2-9DA3-D30DD388A112}"
EndProject
Global
	GlobalSection(SolutionConfigurationPlatforms) = preSolution
		Debug|Any CPU = Debug|Any CPU
		Release|Any CPU = Release|Any CPU
	EndGlobalSection
	GlobalSection(ProjectConfigurationPlatforms) = postSolution
		{74CD5B3C-1DEF-4894-AE0B-B5B40E5A3366}.Debug|Any CPU.ActiveCfg = Debug|Any CPU
		{74CD5B3C-1DEF-4894-AE0B-B5B40E5A3366}.Debug|Any CPU.Build.0 = Debug|Any CPU
		{74CD5B3C-1DEF-4894-AE0B-B5B40E5A3366}.Release|Any CPU.ActiveCfg = Release|Any CPU
		{74CD5B3C-1DEF-4894-AE0B-B5B40E5A3366}.Release|Any CPU.Build.0 = Release|Any CPU
		{1EB3CEAB-C59C-47DC-82EA-9AE117AAD06E}.Debug|Any CPU.ActiveCfg = Debug|Any CPU
		{1EB3CEAB-C59C-47DC-82EA-9AE117AAD06E}.Debug|Any CPU.Build.0 = Debug|Any CPU
		{1EB3CEAB-C59C-47DC-82EA-9AE117AAD06E}.Release|Any CPU.ActiveCfg = Release|Any CPU
		{1EB3CEAB-C59C-47DC-82EA-9AE117AAD06E}.Release|Any CPU.Build.0 = Release|Any CPU
		{68250111-9882-4142-83C3-97292EEE435C}.Debug|Any CPU.ActiveCfg = Debug|Any CPU
		{68250111-9882-4142-83C3-97292EEE435C}.Debug|Any CPU.Build.0 = Debug|Any CPU
		{68250111-9882-4142-83C3-97292EEE435C}.Release|Any CPU.ActiveCfg = Release|Any CPU
		{68250111-9882-4142-83C3-97292EEE435C}.Release|Any CPU.Build.0 = Release|Any CPU
		{0D20F319-EC3B-45F4-84FF-83E56231591D}.Debug|Any CPU.ActiveCfg = Debug|Any CPU
		{0D20F319-EC3B-45F4-84FF-83E56231591D}.Debug|Any CPU.Build.0 = Debug|Any CPU
		{0D20F319-EC3B-45F4-84FF-83E56231591D}.Release|Any CPU.ActiveCfg = Release|Any CPU
		{0D20F319-EC3B-45F4-84FF-83E56231591D}.Release|Any CPU.Build.0 = Release|Any CPU
		{68C489CD-5FBB-4F64-BB3A-EC6C0882C37E}.Debug|Any CPU.ActiveCfg = Debug|Any CPU
		{68C489CD-5FBB-4F64-BB3A-EC6C0882C37E}.Debug|Any CPU.Build.0 = Debug|Any CPU
		{68C489CD-5FBB-4F64-BB3A-EC6C0882C37E}.Release|Any CPU.ActiveCfg = Release|Any CPU
		{68C489CD-5FBB-4F64-BB3A-EC6C0882C37E}.Release|Any CPU.Build.0 = Release|Any CPU
		{4E9DF7F8-B0E0-406B-8FB6-F8C480550089}.Debug|Any CPU.ActiveCfg = Debug|Any CPU
		{4E9DF7F8-B0E0-406B-8FB6-F8C480550089}.Debug|Any CPU.Build.0 = Debug|Any CPU
		{4E9DF7F8-B0E0-406B-8FB6-F8C480550089}.Release|Any CPU.ActiveCfg = Release|Any CPU
		{4E9DF7F8-B0E0-406B-8FB6-F8C480550089}.Release|Any CPU.Build.0 = Release|Any CPU
		{CFCB4402-64C6-4C9D-AC22-7B5D4B4DB567}.Debug|Any CPU.ActiveCfg = Debug|Any CPU
		{CFCB4402-64C6-4C9D-AC22-7B5D4B4DB567}.Debug|Any CPU.Build.0 = Debug|Any CPU
		{CFCB4402-64C6-4C9D-AC22-7B5D4B4DB567}.Release|Any CPU.ActiveCfg = Release|Any CPU
		{CFCB4402-64C6-4C9D-AC22-7B5D4B4DB567}.Release|Any CPU.Build.0 = Release|Any CPU
		{28432CD0-5B41-45A2-9DA3-D30DD388A112}.Debug|Any CPU.ActiveCfg = Debug|Any CPU
		{28432CD0-5B41-45A2-9DA3-D30DD388A112}.Debug|Any CPU.Build.0 = Debug|Any CPU
		{28432CD0-5B41-45A2-9DA3-D30DD388A112}.Release|Any CPU.ActiveCfg = Release|Any CPU
		{28432CD0-5B41-45A2-9DA3-D30DD388A112}.Release|Any CPU.Build.0 = Release|Any CPU
	EndGlobalSection
	GlobalSection(SolutionProperties) = preSolution
		HideSolutionNode = FALSE
	EndGlobalSection
	GlobalSection(NestedProjects) = preSolution
		{74CD5B3C-1DEF-4894-AE0B-B5B40E5A3366} = {32BD4EB7-9225-4129-9996-E1905CE4580F}
		{68C489CD-5FBB-4F64-BB3A-EC6C0882C37E} = {32BD4EB7-9225-4129-9996-E1905CE4580F}
		{4E9DF7F8-B0E0-406B-8FB6-F8C480550089} = {14BB4514-6AD2-4482-BD16-098C169CA36A}
		{CFCB4402-64C6-4C9D-AC22-7B5D4B4DB567} = {32BD4EB7-9225-4129-9996-E1905CE4580F}
		{28432CD0-5B41-45A2-9DA3-D30DD388A112} = {32BD4EB7-9225-4129-9996-E1905CE4580F}
	EndGlobalSection
	GlobalSection(ExtensibilityGlobals) = postSolution
		SolutionGuid = {EE404292-AE25-4D0D-8050-331B552F5409}
	EndGlobalSection
EndGlobal
